// !$*UTF8*$!
{
	archiveVersion = 1;
	classes = {
	};
	objectVersion = 46;
	objects = {

/* Begin PBXBuildFile section */
		B4E47F631C0C1F8D00D5279B /* main.c in Sources */ = {isa = PBXBuildFile; fileRef = B4E47F621C0C1F8D00D5279B /* main.c */; };
/* End PBXBuildFile section */

/* Begin PBXCopyFilesBuildPhase section */
		B4E47F5D1C0C1F8D00D5279B /* CopyFiles */ = {
			isa = PBXCopyFilesBuildPhase;
			buildActionMask = 2147483647;
			dstPath = /usr/share/man/man1/;
			dstSubfolderSpec = 0;
			files = (
			);
			runOnlyForDeploymentPostprocessing = 1;
		};
/* End PBXCopyFilesBuildPhase section */

/* Begin PBXFileReference section */
		B4E47F5F1C0C1F8D00D5279B /* Two_Sum */ = {isa = PBXFileReference; explicitFileType = "compiled.mach-o.executable"; includeInIndex = 0; path = Two_Sum; sourceTree = BUILT_PRODUCTS_DIR; };
		B4E47F621C0C1F8D00D5279B /* main.c */ = {isa = PBXFileReference; lastKnownFileType = sourcecode.c.c; path = main.c; sourceTree = "<group>"; };
/* End PBXFileReference section */

/* Begin PBXFrameworksBuildPhase section */
		B4E47F5C1C0C1F8D00D5279B /* Frameworks */ = {
			isa = PBXFrameworksBuildPhase;
			buildActionMask = 2147483647;
			files = (
			);
			runOnlyForDeploymentPostprocessing = 0;
		};
/* End PBXFrameworksBuildPhase section */

/* Begin PBXGroup section */
		B4E47F561C0C1F8D00D5279B = {
			isa = PBXGroup;
			children = (
				B4E47F611C0C1F8D00D5279B /* Two_Sum */,
				B4E47F601C0C1F8D00D5279B /* Products */,
			);
			sourceTree = "<group>";
		};
		B4E47F601C0C1F8D00D5279B /* Products */ = {
			isa = PBXGroup;
			children = (
				B4E47F5F1C0C1F8D00D5279B /* Two_Sum */,
			);
			name = Products;
			sourceTree = "<group>";
		};
		B4E47F611C0C1F8D00D5279B /* Two_Sum */ = {
			isa = PBXGroup;
			children = (
				B4E47F621C0C1F8D00D5279B /* main.c */,
			);
			path = Two_Sum;
			sourceTree = "<group>";
		};
/* End PBXGroup section */

/* Begin PBXNativeTarget section */
		B4E47F5E1C0C1F8D00D5279B /* Two_Sum */ = {
			isa = PBXNativeTarget;
			buildConfigurationList = B4E47F661C0C1F8D00D5279B /* Build configuration list for PBXNativeTarget "Two_Sum" */;
			buildPhases = (
				B4E47F5B1C0C1F8D00D5279B /* Sources */,
				B4E47F5C1C0C1F8D00D5279B /* Frameworks */,
				B4E47F5D1C0C1F8D00D5279B /* CopyFiles */,
			);
			buildRules = (
			);
			dependencies = (
			);
			name = Two_Sum;
			productName = Two_Sum;
			productReference = B4E47F5F1C0C1F8D00D5279B /* Two_Sum */;
			productType = "com.apple.product-type.tool";
		};
/* End PBXNativeTarget section */

/* Begin PBXProject section */
		B4E47F571C0C1F8D00D5279B /* Project object */ = {
			isa = PBXProject;
			attributes = {
				LastUpgradeCheck = 0700;
				ORGANIZATIONNAME = "Allen Xu";
				TargetAttributes = {
					B4E47F5E1C0C1F8D00D5279B = {
						CreatedOnToolsVersion = 7.0;
					};
				};
			};
			buildConfigurationList = B4E47F5A1C0C1F8D00D5279B /* Build configuration list for PBXProject "Two_Sum" */;
			compatibilityVersion = "Xcode 3.2";
			developmentRegion = English;
			hasScannedForEncodings = 0;
			knownRegions = (
				en,
			);
			mainGroup = B4E47F561C0C1F8D00D5279B;
			productRefGroup = B4E47F601C0C1F8D00D5279B /* Products */;
			projectDirPath = "";
			projectRoot = "";
			targets = (
				B4E47F5E1C0C1F8D00D5279B /* Two_Sum */,
			);
		};
/* End PBXProject section */

/* Begin PBXSourcesBuildPhase section */
		B4E47F5B1C0C1F8D00D5279B /* Sources */ = {
			isa = PBXSourcesBuildPhase;
			buildActionMask = 2147483647;
			files = (
				B4E47F631C0C1F8D00D5279B /* main.c in Sources */,
			);
			runOnlyForDeploymentPostprocessing = 0;
		};
/* End PBXSourcesBuildPhase section */

/* Begin XCBuildConfiguration section */
		B4E47F641C0C1F8D00D5279B /* Debug */ = {
			isa = XCBuildConfiguration;
			buildSettings = {
				ALWAYS_SEARCH_USER_PATHS = NO;
				CLANG_CXX_LANGUAGE_STANDARD = "gnu++0x";
				CLANG_CXX_LIBRARY = "libc++";
				CLANG_ENABLE_MODULES = YES;
				CLANG_ENABLE_OBJC_ARC = YES;
				CLANG_WARN_BOOL_CONVERSION = YES;
				CLANG_WARN_CONSTANT_CONVERSION = YES;
				CLANG_WARN_DIRECT_OBJC_ISA_USAGE = YES_ERROR;
				CLANG_WARN_EMPTY_BODY = YES;
				CLANG_WARN_ENUM_CONVERSION = YES;
				CLANG_WARN_INT_CONVERSION = YES;
				CLANG_WARN_OBJC_ROOT_CLASS = YES_ERROR;
				CLANG_WARN_UNREACHABLE_CODE = YES;
				CLANG_WARN__DUPLICATE_METHOD_MATCH = YES;
				COPY_PHASE_STRIP = NO;
				DEBUG_INFORMATION_FORMAT = dwarf;
				ENABLE_STRICT_OBJC_MSGSEND = YES;
				ENABLE_TESTABILITY = YES;
				GCC_C_LANGUAGE_STANDARD = gnu99;
				GCC_DYNAMIC_NO_PIC = NO;
				GCC_NO_COMMON_BLOCKS = YES;
				GCC_OPTIMIZATION_LEVEL = 0;
				GCC_PREPROCESSOR_DEFINITIONS = (
					"DEBUG=1",
					"$(inherited)",
				);
				GCC_WARN_64_TO_32_BIT_CONVERSION = YES;
				GCC_WARN_ABOUT_RETURN_TYPE = YES_ERROR;
				GCC_WARN_UNDECLARED_SELECTOR = YES;
				GCC_WARN_UNINITIALIZED_AUTOS = YES_AGGRESSIVE;
				GCC_WARN_UNUSED_FUNCTION = YES;
				GCC_WARN_UNUSED_VARIABLE = YES;
				MACOSX_DEPLOYMENT_TARGET = 10.11;
				MTL_ENABLE_DEBUG_INFO = YES;
				ONLY_ACTIVE_ARCH = YES;
				SDKROOT = macosx;
			};
			name = Debug;
		};
		B4E47F651C0C1F8D00D5279B /* Release */ = {
			isa = XCBuildConfiguration;
			buildSettings = {
				ALWAYS_SEARCH_USER_PATHS = NO;
				CLANG_CXX_LANGUAGE_STANDARD = "gnu++0x";
				CLANG_CXX_LIBRARY = "libc++";
				CLANG_ENABLE_MODULES = YES;
				CLANG_ENABLE_OBJC_ARC = YES;
				CLANG_WARN_BOOL_CONVERSION = YES;
				CLANG_WARN_CONSTANT_CONVERSION = YES;
				CLANG_WARN_DIRECT_OBJC_ISA_USAGE = YES_ERROR;
				CLANG_WARN_EMPTY_BODY = YES;
				CLANG_WARN_ENUM_CONVERSION = YES;
				CLANG_WARN_INT_CONVERSION = YES;
				CLANG_WARN_OBJC_ROOT_CLASS = YES_ERROR;
				CLANG_WARN_UNREACHABLE_CODE = YES;
				CLANG_WARN__DUPLICATE_METHOD_MATCH = YES;
				COPY_PHASE_STRIP = NO;
				DEBUG_INFORMATION_FORMAT = "dwarf-with-dsym";
				ENABLE_NS_ASSERTIONS = NO;
				ENABLE_STRICT_OBJC_MSGSEND = YES;
				GCC_C_LANGUAGE_STANDARD = gnu99;
				GCC_NO_COMMON_BLOCKS = YES;
				GCC_WARN_64_TO_32_BIT_CONVERSION = YES;
				GCC_WARN_ABOUT_RETURN_TYPE = YES_ERROR;
				GCC_WARN_UNDECLARED_SELECTOR = YES;
				GCC_WARN_UNINITIALIZED_AUTOS = YES_AGGRESSIVE;
				GCC_WARN_UNUSED_FUNCTION = YES;
				GCC_WARN_UNUSED_VARIABLE = YES;
				MACOSX_DEPLOYMENT_TARGET = 10.11;
				MTL_ENABLE_DEBUG_INFO = NO;
				SDKROOT = macosx;
			};
			name = Release;
		};
		B4E47F671C0C1F8D00D5279B /* Debug */ = {
			isa = XCBuildConfiguration;
			buildSettings = {
				PRODUCT_NAME = "$(TARGET_NAME)";
			};
			name = Debug;
		};
		B4E47F681C0C1F8D00D5279B /* Release */ = {
			isa = XCBuildConfiguration;
			buildSettings = {
				PRODUCT_NAME = "$(TARGET_NAME)";
			};
			name = Release;
		};
/* End XCBuildConfiguration section */

/* Begin XCConfigurationList section */
		B4E47F5A1C0C1F8D00D5279B /* Build configuration list for PBXProject "Two_Sum" */ = {
			isa = XCConfigurationList;
			buildConfigurations = (
				B4E47F641C0C1F8D00D5279B /* Debug */,
				B4E47F651C0C1F8D00D5279B /* Release */,
			);
			defaultConfigurationIsVisible = 0;
			defaultConfigurationName = Release;
		};
		B4E47F661C0C1F8D00D5279B /* Build configuration list for PBXNativeTarget "Two_Sum" */ = {
			isa = XCConfigurationList;
			buildConfigurations = (
				B4E47F671C0C1F8D00D5279B /* Debug */,
				B4E47F681C0C1F8D00D5279B /* Release */,
			);
			defaultConfigurationIsVisible = 0;
		};
/* End XCConfigurationList section */
	};
	rootObject = B4E47F571C0C1F8D00D5279B /* Project object */;
}
